Microsoft Visual Studio Solution File, Format Version 11.00
# Visual Studio 2010
Project("{FAE04EC0-301F-11D3-BF4B-00C04F79EFBC}") = "LayoutControl_Ex", "LayoutControl_Ex\LayoutControl_Ex.csproj", "{83E7FA5B-043B-4DDB-9D1F-2DACC5B7B590}"
EndProject
Global
	GlobalSection(SolutionConfigurationPlatforms) = preSolution
		Debug|Any CPU = Debug|Any CPU
		Release|Any CPU = Release|Any CPU
	EndGlobalSection
	GlobalSection(ProjectConfigurationPlatforms) = postSolution
		{83E7FA5B-043B-4DDB-9D1F-2DACC5B7B590}.Debug|Any CPU.ActiveCfg = Debug|Any CPU
		{83E7FA5B-043B-4DDB-9D1F-2DACC5B7B590}.Debug|Any CPU.Build.0 = Debug|Any CPU
		{83E7FA5B-043B-4DDB-9D1F-2DACC5B7B590}.Release|Any CPU.ActiveCfg = Release|Any CPU
		{83E7FA5B-043B-4DDB-9D1F-2DACC5B7B590}.Release|Any CPU.Build.0 = Release|Any CPU
	EndGlobalSection
	GlobalSection(SolutionProperties) = preSolution
		HideSolutionNode = FALSE
	EndGlobalSection
EndGlobal
